// !$*UTF8*$!
{
	archiveVersion = 1;
	classes = {
	};
	objectVersion = 46;
	objects = {

/* Begin PBXBuildFile section */
		F8012F5615583D9A00F71DD3 /* Cocoa.framework in Frameworks */ = {isa = PBXBuildFile; fileRef = F8012F5515583D9A00F71DD3 /* Cocoa.framework */; };
		F8012F5F15583D9A00F71DD3 /* InfoPlist.strings in Resources */ = {isa = PBXBuildFile; fileRef = F8012F5D15583D9A00F71DD3 /* InfoPlist.strings */; };
		F8012F6115583D9A00F71DD3 /* main.m in Sources */ = {isa = PBXBuildFile; fileRef = F8012F6015583D9A00F71DD3 /* main.m */; };
		F8012F6615583D9A00F71DD3 /* MainMenu.xib in Resources */ = {isa = PBXBuildFile; fileRef = F8012F6415583D9A00F71DD3 /* MainMenu.xib */; };
		F8AF1FB5159B68F20088EC79 /* MRAppDelegate.m in Sources */ = {isa = PBXBuildFile; fileRef = F8AF1FB4159B68F20088EC79 /* MRAppDelegate.m */; };
		F8AF1FBE159B71BB0088EC79 /* MRFileController.m in Sources */ = {isa = PBXBuildFile; fileRef = F8AF1FBD159B71BB0088EC79 /* MRFileController.m */; };
		F8AF1FC4159B8FA40088EC79 /* MRTextField.m in Sources */ = {isa = PBXBuildFile; fileRef = F8AF1FC3159B8FA40088EC79 /* MRTextField.m */; };
		F8AF1FCF159BB1070088EC79 /* libicucore.dylib in Frameworks */ = {isa = PBXBuildFile; fileRef = F8AF1FCE159BB1070088EC79 /* libicucore.dylib */; };
		F8AF1FD2159BB11A0088EC79 /* RegexKitLite.m in Sources */ = {isa = PBXBuildFile; fileRef = F8AF1FD1159BB11A0088EC79 /* RegexKitLite.m */; };
/* End PBXBuildFile section */

/* Begin PBXFileReference section */
		F8012F5115583D9A00F71DD3 /* MacRenamer.app */ = {isa = PBXFileReference; explicitFileType = wrapper.application; includeInIndex = 0; path = MacRenamer.app; sourceTree = BUILT_PRODUCTS_DIR; };
		F8012F5515583D9A00F71DD3 /* Cocoa.framework */ = {isa = PBXFileReference; lastKnownFileType = wrapper.framework; name = Cocoa.framework; path = System/Library/Frameworks/Cocoa.framework; sourceTree = SDKROOT; };
		F8012F5C15583D9A00F71DD3 /* MacRenamer-Info.plist */ = {isa = PBXFileReference; lastKnownFileType = text.plist.xml; path = "MacRenamer-Info.plist"; sourceTree = "<group>"; };
		F8012F5E15583D9A00F71DD3 /* en */ = {isa = PBXFileReference; lastKnownFileType = text.plist.strings; name = en; path = en.lproj/InfoPlist.strings; sourceTree = "<group>"; };
		F8012F6015583D9A00F71DD3 /* main.m */ = {isa = PBXFileReference; lastKnownFileType = sourcecode.c.objc; path = main.m; sourceTree = "<group>"; };
		F8012F6215583D9A00F71DD3 /* MacRenamer-Prefix.pch */ = {isa = PBXFileReference; lastKnownFileType = sourcecode.c.h; path = "MacRenamer-Prefix.pch"; sourceTree = "<group>"; };
		F8012F6515583D9A00F71DD3 /* en */ = {isa = PBXFileReference; lastKnownFileType = file.xib; name = en; path = en.lproj/MainMenu.xib; sourceTree = "<group>"; };
		F8AF1FB3159B68F20088EC79 /* MRAppDelegate.h */ = {isa = PBXFileReference; fileEncoding = 4; lastKnownFileType = sourcecode.c.h; path = MRAppDelegate.h; sourceTree = "<group>"; };
		F8AF1FB4159B68F20088EC79 /* MRAppDelegate.m */ = {isa = PBXFileReference; fileEncoding = 4; lastKnownFileType = sourcecode.c.objc; path = MRAppDelegate.m; sourceTree = "<group>"; };
		F8AF1FBC159B71BB0088EC79 /* MRFileController.h */ = {isa = PBXFileReference; fileEncoding = 4; lastKnownFileType = sourcecode.c.h; path = MRFileController.h; sourceTree = "<group>"; };
		F8AF1FBD159B71BB0088EC79 /* MRFileController.m */ = {isa = PBXFileReference; fileEncoding = 4; lastKnownFileType = sourcecode.c.objc; path = MRFileController.m; sourceTree = "<group>"; };
		F8AF1FC2159B8FA40088EC79 /* MRTextField.h */ = {isa = PBXFileReference; fileEncoding = 4; lastKnownFileType = sourcecode.c.h; path = MRTextField.h; sourceTree = "<group>"; };
		F8AF1FC3159B8FA40088EC79 /* MRTextField.m */ = {isa = PBXFileReference; fileEncoding = 4; lastKnownFileType = sourcecode.c.objc; path = MRTextField.m; sourceTree = "<group>"; };
		F8AF1FCE159BB1070088EC79 /* libicucore.dylib */ = {isa = PBXFileReference; lastKnownFileType = "compiled.mach-o.dylib"; name = libicucore.dylib; path = usr/lib/libicucore.dylib; sourceTree = SDKROOT; };
		F8AF1FD0159BB11A0088EC79 /* RegexKitLite.h */ = {isa = PBXFileReference; fileEncoding = 4; lastKnownFileType = sourcecode.c.h; path = RegexKitLite.h; sourceTree = "<group>"; };
		F8AF1FD1159BB11A0088EC79 /* RegexKitLite.m */ = {isa = PBXFileReference; fileEncoding = 4; lastKnownFileType = sourcecode.c.objc; path = RegexKitLite.m; sourceTree = "<group>"; };
/* End PBXFileReference section */

/* Begin PBXFrameworksBuildPhase section */
		F8012F4E15583D9A00F71DD3 /* Frameworks */ = {
			isa = PBXFrameworksBuildPhase;
			buildActionMask = 2147483647;
			files = (
				F8AF1FCF159BB1070088EC79 /* libicucore.dylib in Frameworks */,
				F8012F5615583D9A00F71DD3 /* Cocoa.framework in Frameworks */,
			);
			runOnlyForDeploymentPostprocessing = 0;
		};
/* End PBXFrameworksBuildPhase section */

/* Begin PBXGroup section */
		F8012F4615583D9A00F71DD3 = {
			isa = PBXGroup;
			children = (
				F8AF1FCE159BB1070088EC79 /* libicucore.dylib */,
				F8012F5A15583D9A00F71DD3 /* MacRenamer */,
				F8012F5415583D9A00F71DD3 /* Frameworks */,
				F8012F5215583D9A00F71DD3 /* Products */,
			);
			sourceTree = "<group>";
		};
		F8012F5215583D9A00F71DD3 /* Products */ = {
			isa = PBXGroup;
			children = (
				F8012F5115583D9A00F71DD3 /* MacRenamer.app */,
			);
			name = Products;
			sourceTree = "<group>";
		};
		F8012F5415583D9A00F71DD3 /* Frameworks */ = {
			isa = PBXGroup;
			children = (
				F8012F5515583D9A00F71DD3 /* Cocoa.framework */,
			);
			name = Frameworks;
			sourceTree = "<group>";
		};
		F8012F5A15583D9A00F71DD3 /* MacRenamer */ = {
			isa = PBXGroup;
			children = (
				F8012F6315583D9A00F71DD3 /* Resources */,
				F8012F5B15583D9A00F71DD3 /* Supporting Files */,
				F8AF1FB3159B68F20088EC79 /* MRAppDelegate.h */,
				F8AF1FB4159B68F20088EC79 /* MRAppDelegate.m */,
				F8AF1FBC159B71BB0088EC79 /* MRFileController.h */,
				F8AF1FBD159B71BB0088EC79 /* MRFileController.m */,
				F8AF1FC2159B8FA40088EC79 /* MRTextField.h */,
				F8AF1FC3159B8FA40088EC79 /* MRTextField.m */,
			);
			path = MacRenamer;
			sourceTree = "<group>";
		};
		F8012F5B15583D9A00F71DD3 /* Supporting Files */ = {
			isa = PBXGroup;
			children = (
				F8AF1FD0159BB11A0088EC79 /* RegexKitLite.h */,
				F8AF1FD1159BB11A0088EC79 /* RegexKitLite.m */,
				F8012F5C15583D9A00F71DD3 /* MacRenamer-Info.plist */,
				F8012F5D15583D9A00F71DD3 /* InfoPlist.strings */,
				F8012F6015583D9A00F71DD3 /* main.m */,
				F8012F6215583D9A00F71DD3 /* MacRenamer-Prefix.pch */,
			);
			name = "Supporting Files";
			sourceTree = "<group>";
		};
		F8012F6315583D9A00F71DD3 /* Resources */ = {
			isa = PBXGroup;
			children = (
				F8012F6415583D9A00F71DD3 /* MainMenu.xib */,
			);
			name = Resources;
			sourceTree = "<group>";
		};
/* End PBXGroup section */

/* Begin PBXNativeTarget section */
		F8012F5015583D9A00F71DD3 /* MacRenamer */ = {
			isa = PBXNativeTarget;
			buildConfigurationList = F8012F6E15583D9A00F71DD3 /* Build configuration list for PBXNativeTarget "MacRenamer" */;
			buildPhases = (
				F8012F4D15583D9A00F71DD3 /* Sources */,
				F8012F4E15583D9A00F71DD3 /* Frameworks */,
				F8012F4F15583D9A00F71DD3 /* Resources */,
			);
			buildRules = (
			);
			dependencies = (
			);
			name = MacRenamer;
			productName = MacRenamer;
			productReference = F8012F5115583D9A00F71DD3 /* MacRenamer.app */;
			productType = "com.apple.product-type.application";
		};
/* End PBXNativeTarget section */

/* Begin PBXProject section */
		F8012F4815583D9A00F71DD3 /* Project object */ = {
			isa = PBXProject;
			attributes = {
				LastUpgradeCheck = 0430;
				ORGANIZATIONNAME = "Gordon Fontenot";
			};
			buildConfigurationList = F8012F4B15583D9A00F71DD3 /* Build configuration list for PBXProject "MacRenamer" */;
			compatibilityVersion = "Xcode 3.2";
			developmentRegion = English;
			hasScannedForEncodings = 0;
			knownRegions = (
				en,
			);
			mainGroup = F8012F4615583D9A00F71DD3;
			productRefGroup = F8012F5215583D9A00F71DD3 /* Products */;
			projectDirPath = "";
			projectRoot = "";
			targets = (
				F8012F5015583D9A00F71DD3 /* MacRenamer */,
			);
		};
/* End PBXProject section */

/* Begin PBXResourcesBuildPhase section */
		F8012F4F15583D9A00F71DD3 /* Resources */ = {
			isa = PBXResourcesBuildPhase;
			buildActionMask = 2147483647;
			files = (
				F8012F5F15583D9A00F71DD3 /* InfoPlist.strings in Resources */,
				F8012F6615583D9A00F71DD3 /* MainMenu.xib in Resources */,
			);
			runOnlyForDeploymentPostprocessing = 0;
		};
/* End PBXResourcesBuildPhase section */

/* Begin PBXSourcesBuildPhase section */
		F8012F4D15583D9A00F71DD3 /* Sources */ = {
			isa = PBXSourcesBuildPhase;
			buildActionMask = 2147483647;
			files = (
				F8012F6115583D9A00F71DD3 /* main.m in Sources */,
				F8AF1FB5159B68F20088EC79 /* MRAppDelegate.m in Sources */,
				F8AF1FBE159B71BB0088EC79 /* MRFileController.m in Sources */,
				F8AF1FC4159B8FA40088EC79 /* MRTextField.m in Sources */,
				F8AF1FD2159BB11A0088EC79 /* RegexKitLite.m in Sources */,
			);
			runOnlyForDeploymentPostprocessing = 0;
		};
/* End PBXSourcesBuildPhase section */

/* Begin PBXVariantGroup section */
		F8012F5D15583D9A00F71DD3 /* InfoPlist.strings */ = {
			isa = PBXVariantGroup;
			children = (
				F8012F5E15583D9A00F71DD3 /* en */,
			);
			name = InfoPlist.strings;
			sourceTree = "<group>";
		};
		F8012F6415583D9A00F71DD3 /* MainMenu.xib */ = {
			isa = PBXVariantGroup;
			children = (
				F8012F6515583D9A00F71DD3 /* en */,
			);
			name = MainMenu.xib;
			sourceTree = "<group>";
		};
/* End PBXVariantGroup section */

/* Begin XCBuildConfiguration section */
		F8012F6C15583D9A00F71DD3 /* Debug */ = {
			isa = XCBuildConfiguration;
			buildSettings = {
				ALWAYS_SEARCH_USER_PATHS = NO;
				ARCHS = "$(ARCHS_STANDARD_64_BIT)";
				COPY_PHASE_STRIP = NO;
				GCC_C_LANGUAGE_STANDARD = gnu99;
				GCC_DYNAMIC_NO_PIC = NO;
				GCC_ENABLE_OBJC_EXCEPTIONS = YES;
				GCC_OPTIMIZATION_LEVEL = 0;
				GCC_PREPROCESSOR_DEFINITIONS = (
					"DEBUG=1",
					"$(inherited)",
				);
				GCC_SYMBOLS_PRIVATE_EXTERN = NO;
				GCC_VERSION = com.apple.compilers.llvm.clang.1_0;
				GCC_WARN_64_TO_32_BIT_CONVERSION = YES;
				GCC_WARN_ABOUT_RETURN_TYPE = YES;
				GCC_WARN_UNINITIALIZED_AUTOS = YES;
				GCC_WARN_UNUSED_VARIABLE = YES;
				MACOSX_DEPLOYMENT_TARGET = 10.6;
				ONLY_ACTIVE_ARCH = YES;
				SDKROOT = macosx;
			};
			name = Debug;
		};
		F8012F6D15583D9A00F71DD3 /* Release */ = {
			isa = XCBuildConfiguration;
			buildSettings = {
				ALWAYS_SEARCH_USER_PATHS = NO;
				ARCHS = "$(ARCHS_STANDARD_64_BIT)";
				COPY_PHASE_STRIP = YES;
				DEBUG_INFORMATION_FORMAT = "dwarf-with-dsym";
				GCC_C_LANGUAGE_STANDARD = gnu99;
				GCC_ENABLE_OBJC_EXCEPTIONS = YES;
				GCC_VERSION = com.apple.compilers.llvm.clang.1_0;
				GCC_WARN_64_TO_32_BIT_CONVERSION = YES;
				GCC_WARN_ABOUT_RETURN_TYPE = YES;
				GCC_WARN_UNINITIALIZED_AUTOS = YES;
				GCC_WARN_UNUSED_VARIABLE = YES;
				MACOSX_DEPLOYMENT_TARGET = 10.6;
				SDKROOT = macosx;
			};
			name = Release;
		};
		F8012F6F15583D9A00F71DD3 /* Debug */ = {
			isa = XCBuildConfiguration;
			buildSettings = {
				FRAMEWORK_SEARCH_PATHS = (
					"$(inherited)",
					"\"$(SYSTEM_APPS_DIR)/Xcode.app/Contents/Developer/Library/Frameworks\"",
					/Library/Frameworks/,
				);
				GCC_ENABLE_OBJC_GC = required;
				GCC_PRECOMPILE_PREFIX_HEADER = YES;
				GCC_PREFIX_HEADER = "MacRenamer/MacRenamer-Prefix.pch";
				INFOPLIST_FILE = "MacRenamer/MacRenamer-Info.plist";
				PRODUCT_NAME = "$(TARGET_NAME)";
				WRAPPER_EXTENSION = app;
			};
			name = Debug;
		};
		F8012F7015583D9A00F71DD3 /* Release */ = {
			isa = XCBuildConfiguration;
			buildSettings = {
				FRAMEWORK_SEARCH_PATHS = (
					"$(inherited)",
					"\"$(SYSTEM_APPS_DIR)/Xcode.app/Contents/Developer/Library/Frameworks\"",
					/Library/Frameworks/,
				);
				GCC_ENABLE_OBJC_GC = required;
				GCC_PRECOMPILE_PREFIX_HEADER = YES;
				GCC_PREFIX_HEADER = "MacRenamer/MacRenamer-Prefix.pch";
				INFOPLIST_FILE = "MacRenamer/MacRenamer-Info.plist";
				PRODUCT_NAME = "$(TARGET_NAME)";
				WRAPPER_EXTENSION = app;
			};
			name = Release;
		};
/* End XCBuildConfiguration section */

/* Begin XCConfigurationList section */
		F8012F4B15583D9A00F71DD3 /* Build configuration list for PBXProject "MacRenamer" */ = {
			isa = XCConfigurationList;
			buildConfigurations = (
				F8012F6C15583D9A00F71DD3 /* Debug */,
				F8012F6D15583D9A00F71DD3 /* Release */,
			);
			defaultConfigurationIsVisible = 0;
			defaultConfigurationName = Release;
		};
		F8012F6E15583D9A00F71DD3 /* Build configuration list for PBXNativeTarget "MacRenamer" */ = {
			isa = XCConfigurationList;
			buildConfigurations = (
				F8012F6F15583D9A00F71DD3 /* Debug */,
				F8012F7015583D9A00F71DD3 /* Release */,
			);
			defaultConfigurationIsVisible = 0;
			defaultConfigurationName = Release;
		};
/* End XCConfigurationList section */
	};
	rootObject = F8012F4815583D9A00F71DD3 /* Project object */;
}
